{
    "_readme": [
        "This file locks the dependencies of your project to a known state",
        "Read more about it at https://getcomposer.org/doc/01-basic-usage.md#installing-dependencies",
        "This file is @generated automatically"
    ],
    "content-hash": "1e6ef17952def501cfa1e2972a96a556",
    "packages": [
        {
            "name": "larena/dataview",
            "version": "dev-main",
            "dist": {
                "type": "path",
                "url": "../dataview",
                "reference": "3d5b5180c9ec5ab7e07ff3b26642278e2dbc7281"
            },
            "require": {
                "php": "^8.3"
            },
            "require-dev": {
                "phpstan/phpstan": "^2.0"
            },
            "type": "library",
            "autoload": {
                "psr-4": {
                    "Larena\\Dataview\\": "src/"
                }
            },
            "autoload-dev": {
                "psr-4": {
                    "Larena\\Dataview\\Tests\\": "tests/"
                }
            },
            "scripts": {
                "test": [
                    "@php -d zend.assertions=1 -d assert.exception=1 tests/Unit/DataviewContractTest.php",
                    "@php -d zend.assertions=1 -d assert.exception=1 tests/Unit/DataviewFailsClosedTest.php",
                    "@php -d zend.assertions=1 -d assert.exception=1 tests/Unit/ReadOnlyDataviewTableAdapterTest.php",
                    "@php -d zend.assertions=1 -d assert.exception=1 tests/Unit/DataviewTableRuntimeTest.php"
                ],
                "test:unit": [
                    "@test"
                ],
                "lint": [
                    "php scripts/lint.php"
                ],
                "analyse": [
                    "php scripts/analyse.php"
                ],
                "validate:larena": [
                    "php scripts/validate-larena-package.php"
                ],
                "evidence:check": [
                    "php scripts/check-evidence.php"
                ],
                "scope:check": [
                    "php tools/larena-scope-check.php"
                ],
                "quality:gate": [
                    "@validate:larena",
                    "@lint",
                    "@analyse",
                    "@test",
                    "@evidence:check",
                    "@scope:check"
                ]
            },
            "license": [
                "Apache-2.0"
            ],
            "authors": [
                {
                    "name": "Rim Zabarov",
                    "homepage": "https://github.com/zabarov"
                }
            ],
            "description": "Larena Dataview: Universal data presentation layer that can render the same structured dataset as table, kanban, calendar, gantt, cards, tree or other reusable views without reimplementing the same UI for every package.",
            "transport-options": {
                "symlink": true,
                "relative": true
            }
        }
    ],
    "packages-dev": [
        {
            "name": "phpstan/phpstan",
            "version": "2.2.1",
            "dist": {
                "type": "zip",
                "url": "https://api.github.com/repos/phpstan/phpstan/zipball/dea9c8f2d25cc849391042b71e429c1a4bf82660",
                "reference": "dea9c8f2d25cc849391042b71e429c1a4bf82660",
                "shasum": ""
            },
            "require": {
                "php": "^7.4|^8.0"
            },
            "conflict": {
                "phpstan/phpstan-shim": "*"
            },
            "bin": [
                "phpstan",
                "phpstan.phar"
            ],
            "type": "library",
            "autoload": {
                "files": [
                    "bootstrap.php"
                ]
            },
            "notification-url": "https://packagist.org/downloads/",
            "license": [
                "MIT"
            ],
            "authors": [
                {
                    "name": "Ondřej Mirtes"
                },
                {
                    "name": "Markus Staab"
                },
                {
                    "name": "Vincent Langlet"
                }
            ],
            "description": "PHPStan - PHP Static Analysis Tool",
            "keywords": [
                "dev",
                "static analysis"
            ],
            "support": {
                "docs": "https://phpstan.org/user-guide/getting-started",
                "forum": "https://github.com/phpstan/phpstan/discussions",
                "issues": "https://github.com/phpstan/phpstan/issues",
                "security": "https://github.com/phpstan/phpstan/security/policy",
                "source": "https://github.com/phpstan/phpstan-src"
            },
            "funding": [
                {
                    "url": "https://github.com/ondrejmirtes",
                    "type": "github"
                },
                {
                    "url": "https://github.com/phpstan",
                    "type": "github"
                }
            ],
            "time": "2026-05-28T14:44:12+00:00"
        }
    ],
    "aliases": [],
    "minimum-stability": "stable",
    "stability-flags": {
        "larena/dataview": 20
    },
    "prefer-stable": true,
    "prefer-lowest": false,
    "platform": {
        "php": "^8.3"
    },
    "platform-dev": [],
    "plugin-api-version": "2.6.0"
}
